
Microsoft Visual Studio Solution File, Format Version 12.00
# Visual Studio Version 16
VisualStudioVersion = 16.0.32602.291
MinimumVisualStudioVersion = 10.0.40219.1
Project("{FAE04EC0-301F-11D3-BF4B-00C04F79EFBC}") = "FinalProject", "FinalProject\FinalProject.csproj", "{BD153862-C201-4B74-8F55-B64B278E698A}"
EndProject
Global
	GlobalSection(SolutionConfigurationPlatforms) = preSolution
		Debug|Any CPU = Debug|Any CPU
		Release|Any CPU = Release|Any CPU
	EndGlobalSection
	GlobalSection(ProjectConfigurationPlatforms) = postSolution
		{BD153862-C201-4B74-8F55-B64B278E698A}.Debug|Any CPU.ActiveCfg = Debug|Any CPU
		{BD153862-C201-4B74-8F55-B64B278E698A}.Debug|Any CPU.Build.0 = Debug|Any CPU
		{BD153862-C201-4B74-8F55-B64B278E698A}.Release|Any CPU.ActiveCfg = Release|Any CPU
		{BD153862-C201-4B74-8F55-B64B278E698A}.Release|Any CPU.Build.0 = Release|Any CPU
	EndGlobalSection
	GlobalSection(SolutionProperties) = preSolution
		HideSolutionNode = FALSE
	EndGlobalSection
	GlobalSection(ExtensibilityGlobals) = postSolution
		SolutionGuid = {EDF86733-8801-4623-82C2-05E1A88046B6}
	EndGlobalSection
EndGlobal
